
Microsoft Visual Studio Solution File, Format Version 12.00
# Visual Studio Version 17
VisualStudioVersion = 17.11.35017.193
MinimumVisualStudioVersion = 10.0.40219.1
Project("{FAE04EC0-301F-11D3-BF4B-00C04F79EFBC}") = "ShopMvc", "ShopMvc\ShopMvc.csproj", "{7BE21449-F4F7-47ED-82E2-646EA7421DBB}"
EndProject
Global
	GlobalSection(SolutionConfigurationPlatforms) = preSolution
		Debug|Any CPU = Debug|Any CPU
		Release|Any CPU = Release|Any CPU
	EndGlobalSection
	GlobalSection(ProjectConfigurationPlatforms) = postSolution
		{7BE21449-F4F7-47ED-82E2-646EA7421DBB}.Debug|Any CPU.ActiveCfg = Debug|Any CPU
		{7BE21449-F4F7-47ED-82E2-646EA7421DBB}.Debug|Any CPU.Build.0 = Debug|Any CPU
		{7BE21449-F4F7-47ED-82E2-646EA7421DBB}.Release|Any CPU.ActiveCfg = Release|Any CPU
		{7BE21449-F4F7-47ED-82E2-646EA7421DBB}.Release|Any CPU.Build.0 = Release|Any CPU
	EndGlobalSection
	GlobalSection(SolutionProperties) = preSolution
		HideSolutionNode = FALSE
	EndGlobalSection
	GlobalSection(ExtensibilityGlobals) = postSolution
		SolutionGuid = {3CBC666F-8691-4EE4-8CF7-8DEE70D9B911}
	EndGlobalSection
EndGlobal
